// !$*UTF8*$!
{
	archiveVersion = 1;
	classes = {
	};
	objectVersion = 50;
	objects = {

/* Begin PBXBuildFile section */
		1857826E235E328B007CC27C /* AppDelegate.swift in Sources */ = {isa = PBXBuildFile; fileRef = 1857826D235E328B007CC27C /* AppDelegate.swift */; };
		18578270235E328B007CC27C /* SceneDelegate.swift in Sources */ = {isa = PBXBuildFile; fileRef = 1857826F235E328B007CC27C /* SceneDelegate.swift */; };
		18578272235E328B007CC27C /* ViewController.swift in Sources */ = {isa = PBXBuildFile; fileRef = 18578271235E328B007CC27C /* ViewController.swift */; };
		18578275235E328B007CC27C /* Main.storyboard in Resources */ = {isa = PBXBuildFile; fileRef = 18578273235E328B007CC27C /* Main.storyboard */; };
		18578278235E328B007CC27C /* ArtBook_Lecture_Project.xcdatamodeld in Sources */ = {isa = PBXBuildFile; fileRef = 18578276235E328B007CC27C /* ArtBook_Lecture_Project.xcdatamodeld */; };
		1857827A235E328D007CC27C /* Assets.xcassets in Resources */ = {isa = PBXBuildFile; fileRef = 18578279235E328D007CC27C /* Assets.xcassets */; };
		1857827D235E328D007CC27C /* LaunchScreen.storyboard in Resources */ = {isa = PBXBuildFile; fileRef = 1857827B235E328D007CC27C /* LaunchScreen.storyboard */; };
		18578285235E3530007CC27C /* DetailsVC.swift in Sources */ = {isa = PBXBuildFile; fileRef = 18578284235E3530007CC27C /* DetailsVC.swift */; };
		1888CDC0238AEE9B004BBCF5 /* ShowRoomVC.swift in Sources */ = {isa = PBXBuildFile; fileRef = 1888CDBF238AEE9B004BBCF5 /* ShowRoomVC.swift */; };
/* End PBXBuildFile section */

/* Begin PBXFileReference section */
		1857826A235E328A007CC27C /* ArtBook Lecture Project.app */ = {isa = PBXFileReference; explicitFileType = wrapper.application; includeInIndex = 0; path = "ArtBook Lecture Project.app"; sourceTree = BUILT_PRODUCTS_DIR; };
		1857826D235E328B007CC27C /* AppDelegate.swift */ = {isa = PBXFileReference; lastKnownFileType = sourcecode.swift; path = AppDelegate.swift; sourceTree = "<group>"; };
		1857826F235E328B007CC27C /* SceneDelegate.swift */ = {isa = PBXFileReference; lastKnownFileType = sourcecode.swift; path = SceneDelegate.swift; sourceTree = "<group>"; };
		18578271235E328B007CC27C /* ViewController.swift */ = {isa = PBXFileReference; lastKnownFileType = sourcecode.swift; path = ViewController.swift; sourceTree = "<group>"; };
		18578274235E328B007CC27C /* Base */ = {isa = PBXFileReference; lastKnownFileType = file.storyboard; name = Base; path = Base.lproj/Main.storyboard; sourceTree = "<group>"; };
		18578277235E328B007CC27C /* ArtBook_Lecture_Project.xcdatamodel */ = {isa = PBXFileReference; lastKnownFileType = wrapper.xcdatamodel; path = ArtBook_Lecture_Project.xcdatamodel; sourceTree = "<group>"; };
		18578279235E328D007CC27C /* Assets.xcassets */ = {isa = PBXFileReference; lastKnownFileType = folder.assetcatalog; path = Assets.xcassets; sourceTree = "<group>"; };
		1857827C235E328D007CC27C /* Base */ = {isa = PBXFileReference; lastKnownFileType = file.storyboard; name = Base; path = Base.lproj/LaunchScreen.storyboard; sourceTree = "<group>"; };
		1857827E235E328D007CC27C /* Info.plist */ = {isa = PBXFileReference; lastKnownFileType = text.plist.xml; path = Info.plist; sourceTree = "<group>"; };
		18578284235E3530007CC27C /* DetailsVC.swift */ = {isa = PBXFileReference; lastKnownFileType = sourcecode.swift; path = DetailsVC.swift; sourceTree = "<group>"; };
		1888CDBF238AEE9B004BBCF5 /* ShowRoomVC.swift */ = {isa = PBXFileReference; lastKnownFileType = sourcecode.swift; path = ShowRoomVC.swift; sourceTree = "<group>"; };
/* End PBXFileReference section */

/* Begin PBXFrameworksBuildPhase section */
		18578267235E328A007CC27C /* Frameworks */ = {
			isa = PBXFrameworksBuildPhase;
			buildActionMask = 2147483647;
			files = (
			);
			runOnlyForDeploymentPostprocessing = 0;
		};
/* End PBXFrameworksBuildPhase section */

/* Begin PBXGroup section */
		18578261235E328A007CC27C = {
			isa = PBXGroup;
			children = (
				1857826C235E328A007CC27C /* ArtBook Lecture Project */,
				1857826B235E328A007CC27C /* Products */,
			);
			sourceTree = "<group>";
		};
		1857826B235E328A007CC27C /* Products */ = {
			isa = PBXGroup;
			children = (
				1857826A235E328A007CC27C /* ArtBook Lecture Project.app */,
			);
			name = Products;
			sourceTree = "<group>";
		};
		1857826C235E328A007CC27C /* ArtBook Lecture Project */ = {
			isa = PBXGroup;
			children = (
				1857826D235E328B007CC27C /* AppDelegate.swift */,
				1888CDBF238AEE9B004BBCF5 /* ShowRoomVC.swift */,
				1857826F235E328B007CC27C /* SceneDelegate.swift */,
				18578271235E328B007CC27C /* ViewController.swift */,
				18578284235E3530007CC27C /* DetailsVC.swift */,
				18578273235E328B007CC27C /* Main.storyboard */,
				18578279235E328D007CC27C /* Assets.xcassets */,
				1857827B235E328D007CC27C /* LaunchScreen.storyboard */,
				1857827E235E328D007CC27C /* Info.plist */,
				18578276235E328B007CC27C /* ArtBook_Lecture_Project.xcdatamodeld */,
			);
			path = "ArtBook Lecture Project";
			sourceTree = "<group>";
		};
/* End PBXGroup section */

/* Begin PBXNativeTarget section */
		18578269235E328A007CC27C /* ArtBook Lecture Project */ = {
			isa = PBXNativeTarget;
			buildConfigurationList = 18578281235E328D007CC27C /* Build configuration list for PBXNativeTarget "ArtBook Lecture Project" */;
			buildPhases = (
				18578266235E328A007CC27C /* Sources */,
				18578267235E328A007CC27C /* Frameworks */,
				18578268235E328A007CC27C /* Resources */,
			);
			buildRules = (
			);
			dependencies = (
			);
			name = "ArtBook Lecture Project";
			productName = "ArtBook Lecture Project";
			productReference = 1857826A235E328A007CC27C /* ArtBook Lecture Project.app */;
			productType = "com.apple.product-type.application";
		};
/* End PBXNativeTarget section */

/* Begin PBXProject section */
		18578262235E328A007CC27C /* Project object */ = {
			isa = PBXProject;
			attributes = {
				LastSwiftUpdateCheck = 1110;
				LastUpgradeCheck = 1110;
				ORGANIZATIONNAME = "Murat Han";
				TargetAttributes = {
					18578269235E328A007CC27C = {
						CreatedOnToolsVersion = 11.1;
					};
				};
			};
			buildConfigurationList = 18578265235E328A007CC27C /* Build configuration list for PBXProject "ArtBook Lecture Project" */;
			compatibilityVersion = "Xcode 9.3";
			developmentRegion = en;
			hasScannedForEncodings = 0;
			knownRegions = (
				en,
				Base,
			);
			mainGroup = 18578261235E328A007CC27C;
			productRefGroup = 1857826B235E328A007CC27C /* Products */;
			projectDirPath = "";
			projectRoot = "";
			targets = (
				18578269235E328A007CC27C /* ArtBook Lecture Project */,
			);
		};
/* End PBXProject section */

/* Begin PBXResourcesBuildPhase section */
		18578268235E328A007CC27C /* Resources */ = {
			isa = PBXResourcesBuildPhase;
			buildActionMask = 2147483647;
			files = (
				1857827D235E328D007CC27C /* LaunchScreen.storyboard in Resources */,
				1857827A235E328D007CC27C /* Assets.xcassets in Resources */,
				18578275235E328B007CC27C /* Main.storyboard in Resources */,
			);
			runOnlyForDeploymentPostprocessing = 0;
		};
/* End PBXResourcesBuildPhase section */

/* Begin PBXSourcesBuildPhase section */
		18578266235E328A007CC27C /* Sources */ = {
			isa = PBXSourcesBuildPhase;
			buildActionMask = 2147483647;
			files = (
				18578272235E328B007CC27C /* ViewController.swift in Sources */,
				1857826E235E328B007CC27C /* AppDelegate.swift in Sources */,
				1888CDC0238AEE9B004BBCF5 /* ShowRoomVC.swift in Sources */,
				18578270235E328B007CC27C /* SceneDelegate.swift in Sources */,
				18578278235E328B007CC27C /* ArtBook_Lecture_Project.xcdatamodeld in Sources */,
				18578285235E3530007CC27C /* DetailsVC.swift in Sources */,
			);
			runOnlyForDeploymentPostprocessing = 0;
		};
/* End PBXSourcesBuildPhase section */

/* Begin PBXVariantGroup section */
		18578273235E328B007CC27C /* Main.storyboard */ = {
			isa = PBXVariantGroup;
			children = (
				18578274235E328B007CC27C /* Base */,
			);
			name = Main.storyboard;
			sourceTree = "<group>";
		};
		1857827B235E328D007CC27C /* LaunchScreen.storyboard */ = {
			isa = PBXVariantGroup;
			children = (
				1857827C235E328D007CC27C /* Base */,
			);
			name = LaunchScreen.storyboard;
			sourceTree = "<group>";
		};
/* End PBXVariantGroup section */

/* Begin XCBuildConfiguration section */
		1857827F235E328D007CC27C /* Debug */ = {
			isa = XCBuildConfiguration;
			buildSettings = {
				ALWAYS_SEARCH_USER_PATHS = NO;
				CLANG_ANALYZER_NONNULL = YES;
				CLANG_ANALYZER_NUMBER_OBJECT_CONVERSION = YES_AGGRESSIVE;
				CLANG_CXX_LANGUAGE_STANDARD = "gnu++14";
				CLANG_CXX_LIBRARY = "libc++";
				CLANG_ENABLE_MODULES = YES;
				CLANG_ENABLE_OBJC_ARC = YES;
				CLANG_ENABLE_OBJC_WEAK = YES;
				CLANG_WARN_BLOCK_CAPTURE_AUTORELEASING = YES;
				CLANG_WARN_BOOL_CONVERSION = YES;
				CLANG_WARN_COMMA = YES;
				CLANG_WARN_CONSTANT_CONVERSION = YES;
				CLANG_WARN_DEPRECATED_OBJC_IMPLEMENTATIONS = YES;
				CLANG_WARN_DIRECT_OBJC_ISA_USAGE = YES_ERROR;
				CLANG_WARN_DOCUMENTATION_COMMENTS = YES;
				CLANG_WARN_EMPTY_BODY = YES;
				CLANG_WARN_ENUM_CONVERSION = YES;
				CLANG_WARN_INFINITE_RECURSION = YES;
				CLANG_WARN_INT_CONVERSION = YES;
				CLANG_WARN_NON_LITERAL_NULL_CONVERSION = YES;
				CLANG_WARN_OBJC_IMPLICIT_RETAIN_SELF = YES;
				CLANG_WARN_OBJC_LITERAL_CONVERSION = YES;
				CLANG_WARN_OBJC_ROOT_CLASS = YES_ERROR;
				CLANG_WARN_RANGE_LOOP_ANALYSIS = YES;
				CLANG_WARN_STRICT_PROTOTYPES = YES;
				CLANG_WARN_SUSPICIOUS_MOVE = YES;
				CLANG_WARN_UNGUARDED_AVAILABILITY = YES_AGGRESSIVE;
				CLANG_WARN_UNREACHABLE_CODE = YES;
				CLANG_WARN__DUPLICATE_METHOD_MATCH = YES;
				COPY_PHASE_STRIP = NO;
				DEBUG_INFORMATION_FORMAT = dwarf;
				ENABLE_STRICT_OBJC_MSGSEND = YES;
				ENABLE_TESTABILITY = YES;
				GCC_C_LANGUAGE_STANDARD = gnu11;
				GCC_DYNAMIC_NO_PIC = NO;
				GCC_NO_COMMON_BLOCKS = YES;
				GCC_OPTIMIZATION_LEVEL = 0;
				GCC_PREPROCESSOR_DEFINITIONS = (
					"DEBUG=1",
					"$(inherited)",
				);
				GCC_WARN_64_TO_32_BIT_CONVERSION = YES;
				GCC_WARN_ABOUT_RETURN_TYPE = YES_ERROR;
				GCC_WARN_UNDECLARED_SELECTOR = YES;
				GCC_WARN_UNINITIALIZED_AUTOS = YES_AGGRESSIVE;
				GCC_WARN_UNUSED_FUNCTION = YES;
				GCC_WARN_UNUSED_VARIABLE = YES;
				IPHONEOS_DEPLOYMENT_TARGET = 13.1;
				MTL_ENABLE_DEBUG_INFO = INCLUDE_SOURCE;
				MTL_FAST_MATH = YES;
				ONLY_ACTIVE_ARCH = YES;
				SDKROOT = iphoneos;
				SWIFT_ACTIVE_COMPILATION_CONDITIONS = DEBUG;
				SWIFT_OPTIMIZATION_LEVEL = "-Onone";
			};
			name = Debug;
		};
		18578280235E328D007CC27C /* Release */ = {
			isa = XCBuildConfiguration;
			buildSettings = {
				ALWAYS_SEARCH_USER_PATHS = NO;
				CLANG_ANALYZER_NONNULL = YES;
				CLANG_ANALYZER_NUMBER_OBJECT_CONVERSION = YES_AGGRESSIVE;
				CLANG_CXX_LANGUAGE_STANDARD = "gnu++14";
				CLANG_CXX_LIBRARY = "libc++";
				CLANG_ENABLE_MODULES = YES;
				CLANG_ENABLE_OBJC_ARC = YES;
				CLANG_ENABLE_OBJC_WEAK = YES;
				CLANG_WARN_BLOCK_CAPTURE_AUTORELEASING = YES;
				CLANG_WARN_BOOL_CONVERSION = YES;
				CLANG_WARN_COMMA = YES;
				CLANG_WARN_CONSTANT_CONVERSION = YES;
				CLANG_WARN_DEPRECATED_OBJC_IMPLEMENTATIONS = YES;
				CLANG_WARN_DIRECT_OBJC_ISA_USAGE = YES_ERROR;
				CLANG_WARN_DOCUMENTATION_COMMENTS = YES;
				CLANG_WARN_EMPTY_BODY = YES;
				CLANG_WARN_ENUM_CONVERSION = YES;
				CLANG_WARN_INFINITE_RECURSION = YES;
				CLANG_WARN_INT_CONVERSION = YES;
				CLANG_WARN_NON_LITERAL_NULL_CONVERSION = YES;
				CLANG_WARN_OBJC_IMPLICIT_RETAIN_SELF = YES;
				CLANG_WARN_OBJC_LITERAL_CONVERSION = YES;
				CLANG_WARN_OBJC_ROOT_CLASS = YES_ERROR;
				CLANG_WARN_RANGE_LOOP_ANALYSIS = YES;
				CLANG_WARN_STRICT_PROTOTYPES = YES;
				CLANG_WARN_SUSPICIOUS_MOVE = YES;
				CLANG_WARN_UNGUARDED_AVAILABILITY = YES_AGGRESSIVE;
				CLANG_WARN_UNREACHABLE_CODE = YES;
				CLANG_WARN__DUPLICATE_METHOD_MATCH = YES;
				COPY_PHASE_STRIP = NO;
				DEBUG_INFORMATION_FORMAT = "dwarf-with-dsym";
				ENABLE_NS_ASSERTIONS = NO;
				ENABLE_STRICT_OBJC_MSGSEND = YES;
				GCC_C_LANGUAGE_STANDARD = gnu11;
				GCC_NO_COMMON_BLOCKS = YES;
				GCC_WARN_64_TO_32_BIT_CONVERSION = YES;
				GCC_WARN_ABOUT_RETURN_TYPE = YES_ERROR;
				GCC_WARN_UNDECLARED_SELECTOR = YES;
				GCC_WARN_UNINITIALIZED_AUTOS = YES_AGGRESSIVE;
				GCC_WARN_UNUSED_FUNCTION = YES;
				GCC_WARN_UNUSED_VARIABLE = YES;
				IPHONEOS_DEPLOYMENT_TARGET = 13.1;
				MTL_ENABLE_DEBUG_INFO = NO;
				MTL_FAST_MATH = YES;
				SDKROOT = iphoneos;
				SWIFT_COMPILATION_MODE = wholemodule;
				SWIFT_OPTIMIZATION_LEVEL = "-O";
				VALIDATE_PRODUCT = YES;
			};
			name = Release;
		};
		18578282235E328D007CC27C /* Debug */ = {
			isa = XCBuildConfiguration;
			buildSettings = {
				ASSETCATALOG_COMPILER_APPICON_NAME = AppIcon;
				CODE_SIGN_STYLE = Automatic;
				DEVELOPMENT_TEAM = TL44D564XJ;
				INFOPLIST_FILE = "ArtBook Lecture Project/Info.plist";
				LD_RUNPATH_SEARCH_PATHS = (
					"$(inherited)",
					"@executable_path/Frameworks",
				);
				PRODUCT_BUNDLE_IDENTIFIER = "com.acipayammurathan.ArtBook-Lecture-Project";
				PRODUCT_NAME = "$(TARGET_NAME)";
				SWIFT_VERSION = 5.0;
				TARGETED_DEVICE_FAMILY = "1,2";
			};
			name = Debug;
		};
		18578283235E328D007CC27C /* Release */ = {
			isa = XCBuildConfiguration;
			buildSettings = {
				ASSETCATALOG_COMPILER_APPICON_NAME = AppIcon;
				CODE_SIGN_STYLE = Automatic;
				DEVELOPMENT_TEAM = TL44D564XJ;
				INFOPLIST_FILE = "ArtBook Lecture Project/Info.plist";
				LD_RUNPATH_SEARCH_PATHS = (
					"$(inherited)",
					"@executable_path/Frameworks",
				);
				PRODUCT_BUNDLE_IDENTIFIER = "com.acipayammurathan.ArtBook-Lecture-Project";
				PRODUCT_NAME = "$(TARGET_NAME)";
				SWIFT_VERSION = 5.0;
				TARGETED_DEVICE_FAMILY = "1,2";
			};
			name = Release;
		};
/* End XCBuildConfiguration section */

/* Begin XCConfigurationList section */
		18578265235E328A007CC27C /* Build configuration list for PBXProject "ArtBook Lecture Project" */ = {
			isa = XCConfigurationList;
			buildConfigurations = (
				1857827F235E328D007CC27C /* Debug */,
				18578280235E328D007CC27C /* Release */,
			);
			defaultConfigurationIsVisible = 0;
			defaultConfigurationName = Release;
		};
		18578281235E328D007CC27C /* Build configuration list for PBXNativeTarget "ArtBook Lecture Project" */ = {
			isa = XCConfigurationList;
			buildConfigurations = (
				18578282235E328D007CC27C /* Debug */,
				18578283235E328D007CC27C /* Release */,
			);
			defaultConfigurationIsVisible = 0;
			defaultConfigurationName = Release;
		};
/* End XCConfigurationList section */

/* Begin XCVersionGroup section */
		18578276235E328B007CC27C /* ArtBook_Lecture_Project.xcdatamodeld */ = {
			isa = XCVersionGroup;
			children = (
				18578277235E328B007CC27C /* ArtBook_Lecture_Project.xcdatamodel */,
			);
			currentVersion = 18578277235E328B007CC27C /* ArtBook_Lecture_Project.xcdatamodel */;
			path = ArtBook_Lecture_Project.xcdatamodeld;
			sourceTree = "<group>";
			versionGroupType = wrapper.xcdatamodel;
		};
/* End XCVersionGroup section */
	};
	rootObject = 18578262235E328A007CC27C /* Project object */;
}
